// !$*UTF8*$!
{
	archiveVersion = 1;
	classes = {
	};
	objectVersion = 51;
	objects = {

/* Begin PBXBuildFile section */
		59294E20116B8C509B0F4183 /* Pods_MVPExampleTests.framework in Frameworks */ = {isa = PBXBuildFile; fileRef = 23855A26FE522B91390C1BDB /* Pods_MVPExampleTests.framework */; };
		814A5E592516E65B0080B274 /* GoogleService-Info.plist in Resources */ = {isa = PBXBuildFile; fileRef = 814A5E582516E65B0080B274 /* GoogleService-Info.plist */; };
		816D4CB52516EC6B00244CE9 /* HomeVC.swift in Sources */ = {isa = PBXBuildFile; fileRef = 816D4CB32516EC6B00244CE9 /* HomeVC.swift */; };
		816D4CB62516EC6B00244CE9 /* HomeVC.xib in Resources */ = {isa = PBXBuildFile; fileRef = 816D4CB42516EC6B00244CE9 /* HomeVC.xib */; };
		816D4CBA2516EEFF00244CE9 /* Movie.swift in Sources */ = {isa = PBXBuildFile; fileRef = 816D4CB92516EEFF00244CE9 /* Movie.swift */; };
		816D4CBD2516EF6400244CE9 /* HomeRouter.swift in Sources */ = {isa = PBXBuildFile; fileRef = 816D4CBC2516EF6400244CE9 /* HomeRouter.swift */; };
		816D4CBF2516EFC800244CE9 /* HomePresenter.swift in Sources */ = {isa = PBXBuildFile; fileRef = 816D4CBE2516EFC800244CE9 /* HomePresenter.swift */; };
		816D4CC22516F0B500244CE9 /* HomeProtocol.swift in Sources */ = {isa = PBXBuildFile; fileRef = 816D4CC12516F0B500244CE9 /* HomeProtocol.swift */; };
		816D4CC52516F3D700244CE9 /* MovieService.swift in Sources */ = {isa = PBXBuildFile; fileRef = 816D4CC42516F3D700244CE9 /* MovieService.swift */; };
		816D4CC82516F9E800244CE9 /* Extensions.swift in Sources */ = {isa = PBXBuildFile; fileRef = 816D4CC72516F9E800244CE9 /* Extensions.swift */; };
		816D4CD025170FA400244CE9 /* AddMovieVC.swift in Sources */ = {isa = PBXBuildFile; fileRef = 816D4CCE25170FA400244CE9 /* AddMovieVC.swift */; };
		816D4CD125170FA400244CE9 /* AddMovieVC.xib in Resources */ = {isa = PBXBuildFile; fileRef = 816D4CCF25170FA400244CE9 /* AddMovieVC.xib */; };
		816D4CD32517107700244CE9 /* AddMovieProtocol.swift in Sources */ = {isa = PBXBuildFile; fileRef = 816D4CD22517107700244CE9 /* AddMovieProtocol.swift */; };
		816D4CD52517117D00244CE9 /* AddMoviePresenter.swift in Sources */ = {isa = PBXBuildFile; fileRef = 816D4CD42517117D00244CE9 /* AddMoviePresenter.swift */; };
		816D4CD72517121D00244CE9 /* AddMovieRouter.swift in Sources */ = {isa = PBXBuildFile; fileRef = 816D4CD62517121D00244CE9 /* AddMovieRouter.swift */; };
		81D1D8B7240F859B0091D3A7 /* AppDelegate.swift in Sources */ = {isa = PBXBuildFile; fileRef = 81D1D8B6240F859B0091D3A7 /* AppDelegate.swift */; };
		81D1D8B9240F859B0091D3A7 /* SceneDelegate.swift in Sources */ = {isa = PBXBuildFile; fileRef = 81D1D8B8240F859B0091D3A7 /* SceneDelegate.swift */; };
		81D1D8C0240F859C0091D3A7 /* Assets.xcassets in Resources */ = {isa = PBXBuildFile; fileRef = 81D1D8BF240F859C0091D3A7 /* Assets.xcassets */; };
		81D1D8C3240F859C0091D3A7 /* LaunchScreen.storyboard in Resources */ = {isa = PBXBuildFile; fileRef = 81D1D8C1240F859C0091D3A7 /* LaunchScreen.storyboard */; };
		81EDB6C724EBC22600D0CFF6 /* MVPExampleTests.swift in Sources */ = {isa = PBXBuildFile; fileRef = 81EDB6C624EBC22600D0CFF6 /* MVPExampleTests.swift */; };
		E26509235E5F2B6F054F70EF /* Pods_MVPExample.framework in Frameworks */ = {isa = PBXBuildFile; fileRef = 65CCBFF4E4421CCCB7AE44BE /* Pods_MVPExample.framework */; };
/* End PBXBuildFile section */

/* Begin PBXContainerItemProxy section */
		81EDB6C924EBC22600D0CFF6 /* PBXContainerItemProxy */ = {
			isa = PBXContainerItemProxy;
			containerPortal = 81D1D8AB240F859B0091D3A7 /* Project object */;
			proxyType = 1;
			remoteGlobalIDString = 81D1D8B2240F859B0091D3A7;
			remoteInfo = MVPExample;
		};
/* End PBXContainerItemProxy section */

/* Begin PBXFileReference section */
		017B04E528869484B889BEA0 /* Pods-MVPExample.debug.xcconfig */ = {isa = PBXFileReference; includeInIndex = 1; lastKnownFileType = text.xcconfig; name = "Pods-MVPExample.debug.xcconfig"; path = "Target Support Files/Pods-MVPExample/Pods-MVPExample.debug.xcconfig"; sourceTree = "<group>"; };
		2236AB9E3C7CDC00BC9A8B22 /* Pods-MVPExampleTests.debug.xcconfig */ = {isa = PBXFileReference; includeInIndex = 1; lastKnownFileType = text.xcconfig; name = "Pods-MVPExampleTests.debug.xcconfig"; path = "Target Support Files/Pods-MVPExampleTests/Pods-MVPExampleTests.debug.xcconfig"; sourceTree = "<group>"; };
		23855A26FE522B91390C1BDB /* Pods_MVPExampleTests.framework */ = {isa = PBXFileReference; explicitFileType = wrapper.framework; includeInIndex = 0; path = Pods_MVPExampleTests.framework; sourceTree = BUILT_PRODUCTS_DIR; };
		2531513AC5120D03B894749A /* Pods-MVPExampleTests.release.xcconfig */ = {isa = PBXFileReference; includeInIndex = 1; lastKnownFileType = text.xcconfig; name = "Pods-MVPExampleTests.release.xcconfig"; path = "Target Support Files/Pods-MVPExampleTests/Pods-MVPExampleTests.release.xcconfig"; sourceTree = "<group>"; };
		483BE87B859B4705D99CA736 /* Pods-MVPExample.release.xcconfig */ = {isa = PBXFileReference; includeInIndex = 1; lastKnownFileType = text.xcconfig; name = "Pods-MVPExample.release.xcconfig"; path = "Target Support Files/Pods-MVPExample/Pods-MVPExample.release.xcconfig"; sourceTree = "<group>"; };
		65CCBFF4E4421CCCB7AE44BE /* Pods_MVPExample.framework */ = {isa = PBXFileReference; explicitFileType = wrapper.framework; includeInIndex = 0; path = Pods_MVPExample.framework; sourceTree = BUILT_PRODUCTS_DIR; };
		814A5E582516E65B0080B274 /* GoogleService-Info.plist */ = {isa = PBXFileReference; fileEncoding = 4; lastKnownFileType = text.plist.xml; path = "GoogleService-Info.plist"; sourceTree = "<group>"; };
		816D4CB32516EC6B00244CE9 /* HomeVC.swift */ = {isa = PBXFileReference; lastKnownFileType = sourcecode.swift; path = HomeVC.swift; sourceTree = "<group>"; };
		816D4CB42516EC6B00244CE9 /* HomeVC.xib */ = {isa = PBXFileReference; lastKnownFileType = file.xib; path = HomeVC.xib; sourceTree = "<group>"; };
		816D4CB92516EEFF00244CE9 /* Movie.swift */ = {isa = PBXFileReference; lastKnownFileType = sourcecode.swift; path = Movie.swift; sourceTree = "<group>"; };
		816D4CBC2516EF6400244CE9 /* HomeRouter.swift */ = {isa = PBXFileReference; lastKnownFileType = sourcecode.swift; path = HomeRouter.swift; sourceTree = "<group>"; };
		816D4CBE2516EFC800244CE9 /* HomePresenter.swift */ = {isa = PBXFileReference; lastKnownFileType = sourcecode.swift; path = HomePresenter.swift; sourceTree = "<group>"; };
		816D4CC12516F0B500244CE9 /* HomeProtocol.swift */ = {isa = PBXFileReference; lastKnownFileType = sourcecode.swift; path = HomeProtocol.swift; sourceTree = "<group>"; };
		816D4CC42516F3D700244CE9 /* MovieService.swift */ = {isa = PBXFileReference; lastKnownFileType = sourcecode.swift; path = MovieService.swift; sourceTree = "<group>"; };
		816D4CC72516F9E800244CE9 /* Extensions.swift */ = {isa = PBXFileReference; lastKnownFileType = sourcecode.swift; path = Extensions.swift; sourceTree = "<group>"; };
		816D4CCE25170FA400244CE9 /* AddMovieVC.swift */ = {isa = PBXFileReference; lastKnownFileType = sourcecode.swift; path = AddMovieVC.swift; sourceTree = "<group>"; };
		816D4CCF25170FA400244CE9 /* AddMovieVC.xib */ = {isa = PBXFileReference; lastKnownFileType = file.xib; path = AddMovieVC.xib; sourceTree = "<group>"; };
		816D4CD22517107700244CE9 /* AddMovieProtocol.swift */ = {isa = PBXFileReference; lastKnownFileType = sourcecode.swift; path = AddMovieProtocol.swift; sourceTree = "<group>"; };
		816D4CD42517117D00244CE9 /* AddMoviePresenter.swift */ = {isa = PBXFileReference; lastKnownFileType = sourcecode.swift; path = AddMoviePresenter.swift; sourceTree = "<group>"; };
		816D4CD62517121D00244CE9 /* AddMovieRouter.swift */ = {isa = PBXFileReference; lastKnownFileType = sourcecode.swift; path = AddMovieRouter.swift; sourceTree = "<group>"; };
		81D1D8B3240F859B0091D3A7 /* MVPExample.app */ = {isa = PBXFileReference; explicitFileType = wrapper.application; includeInIndex = 0; path = MVPExample.app; sourceTree = BUILT_PRODUCTS_DIR; };
		81D1D8B6240F859B0091D3A7 /* AppDelegate.swift */ = {isa = PBXFileReference; lastKnownFileType = sourcecode.swift; path = AppDelegate.swift; sourceTree = "<group>"; };
		81D1D8B8240F859B0091D3A7 /* SceneDelegate.swift */ = {isa = PBXFileReference; lastKnownFileType = sourcecode.swift; path = SceneDelegate.swift; sourceTree = "<group>"; };
		81D1D8BF240F859C0091D3A7 /* Assets.xcassets */ = {isa = PBXFileReference; lastKnownFileType = folder.assetcatalog; path = Assets.xcassets; sourceTree = "<group>"; };
		81D1D8C2240F859C0091D3A7 /* Base */ = {isa = PBXFileReference; lastKnownFileType = file.storyboard; name = Base; path = Base.lproj/LaunchScreen.storyboard; sourceTree = "<group>"; };
		81D1D8C4240F859C0091D3A7 /* Info.plist */ = {isa = PBXFileReference; lastKnownFileType = text.plist.xml; path = Info.plist; sourceTree = "<group>"; };
		81EDB6C424EBC22600D0CFF6 /* MVPExampleTests.xctest */ = {isa = PBXFileReference; explicitFileType = wrapper.cfbundle; includeInIndex = 0; path = MVPExampleTests.xctest; sourceTree = BUILT_PRODUCTS_DIR; };
		81EDB6C624EBC22600D0CFF6 /* MVPExampleTests.swift */ = {isa = PBXFileReference; lastKnownFileType = sourcecode.swift; path = MVPExampleTests.swift; sourceTree = "<group>"; };
		81EDB6C824EBC22600D0CFF6 /* Info.plist */ = {isa = PBXFileReference; lastKnownFileType = text.plist.xml; path = Info.plist; sourceTree = "<group>"; };
/* End PBXFileReference section */

/* Begin PBXFrameworksBuildPhase section */
		81D1D8B0240F859B0091D3A7 /* Frameworks */ = {
			isa = PBXFrameworksBuildPhase;
			buildActionMask = 2147483647;
			files = (
				E26509235E5F2B6F054F70EF /* Pods_MVPExample.framework in Frameworks */,
			);
			runOnlyForDeploymentPostprocessing = 0;
		};
		81EDB6C124EBC22600D0CFF6 /* Frameworks */ = {
			isa = PBXFrameworksBuildPhase;
			buildActionMask = 2147483647;
			files = (
				59294E20116B8C509B0F4183 /* Pods_MVPExampleTests.framework in Frameworks */,
			);
			runOnlyForDeploymentPostprocessing = 0;
		};
/* End PBXFrameworksBuildPhase section */

/* Begin PBXGroup section */
		706F3415060076BE2FD1BFB9 /* Frameworks */ = {
			isa = PBXGroup;
			children = (
				65CCBFF4E4421CCCB7AE44BE /* Pods_MVPExample.framework */,
				23855A26FE522B91390C1BDB /* Pods_MVPExampleTests.framework */,
			);
			name = Frameworks;
			sourceTree = "<group>";
		};
		814A5E552516E51E0080B274 /* models */ = {
			isa = PBXGroup;
			children = (
				816D4CB92516EEFF00244CE9 /* Movie.swift */,
			);
			path = models;
			sourceTree = "<group>";
		};
		816D4CC32516F3C700244CE9 /* services */ = {
			isa = PBXGroup;
			children = (
				816D4CC42516F3D700244CE9 /* MovieService.swift */,
			);
			path = services;
			sourceTree = "<group>";
		};
		816D4CC62516F9D800244CE9 /* extensions */ = {
			isa = PBXGroup;
			children = (
				816D4CC72516F9E800244CE9 /* Extensions.swift */,
			);
			path = extensions;
			sourceTree = "<group>";
		};
		816D4CC925170F3500244CE9 /* add_movie */ = {
			isa = PBXGroup;
			children = (
				816D4CCE25170FA400244CE9 /* AddMovieVC.swift */,
				816D4CCF25170FA400244CE9 /* AddMovieVC.xib */,
				816D4CD42517117D00244CE9 /* AddMoviePresenter.swift */,
				816D4CD62517121D00244CE9 /* AddMovieRouter.swift */,
				816D4CD22517107700244CE9 /* AddMovieProtocol.swift */,
			);
			path = add_movie;
			sourceTree = "<group>";
		};
		81C864CC25150BD2002517B0 /* modules */ = {
			isa = PBXGroup;
			children = (
				816D4CC925170F3500244CE9 /* add_movie */,
				81C864CD25150BD9002517B0 /* home */,
			);
			path = modules;
			sourceTree = "<group>";
		};
		81C864CD25150BD9002517B0 /* home */ = {
			isa = PBXGroup;
			children = (
				816D4CB32516EC6B00244CE9 /* HomeVC.swift */,
				816D4CB42516EC6B00244CE9 /* HomeVC.xib */,
				816D4CBE2516EFC800244CE9 /* HomePresenter.swift */,
				816D4CBC2516EF6400244CE9 /* HomeRouter.swift */,
				816D4CC12516F0B500244CE9 /* HomeProtocol.swift */,
			);
			path = home;
			sourceTree = "<group>";
		};
		81D1D8AA240F859B0091D3A7 = {
			isa = PBXGroup;
			children = (
				81D1D8B5240F859B0091D3A7 /* MVPExample */,
				81EDB6C524EBC22600D0CFF6 /* MVPExampleTests */,
				81D1D8B4240F859B0091D3A7 /* Products */,
				989CDE47093DEBCB41256975 /* Pods */,
				706F3415060076BE2FD1BFB9 /* Frameworks */,
			);
			sourceTree = "<group>";
		};
		81D1D8B4240F859B0091D3A7 /* Products */ = {
			isa = PBXGroup;
			children = (
				81D1D8B3240F859B0091D3A7 /* MVPExample.app */,
				81EDB6C424EBC22600D0CFF6 /* MVPExampleTests.xctest */,
			);
			name = Products;
			sourceTree = "<group>";
		};
		81D1D8B5240F859B0091D3A7 /* MVPExample */ = {
			isa = PBXGroup;
			children = (
				816D4CC62516F9D800244CE9 /* extensions */,
				816D4CC32516F3C700244CE9 /* services */,
				814A5E552516E51E0080B274 /* models */,
				81C864CC25150BD2002517B0 /* modules */,
				81D1D8B6240F859B0091D3A7 /* AppDelegate.swift */,
				81D1D8B8240F859B0091D3A7 /* SceneDelegate.swift */,
				81D1D8BF240F859C0091D3A7 /* Assets.xcassets */,
				81D1D8C1240F859C0091D3A7 /* LaunchScreen.storyboard */,
				81D1D8C4240F859C0091D3A7 /* Info.plist */,
				814A5E582516E65B0080B274 /* GoogleService-Info.plist */,
			);
			path = MVPExample;
			sourceTree = "<group>";
		};
		81EDB6C524EBC22600D0CFF6 /* MVPExampleTests */ = {
			isa = PBXGroup;
			children = (
				81EDB6C624EBC22600D0CFF6 /* MVPExampleTests.swift */,
				81EDB6C824EBC22600D0CFF6 /* Info.plist */,
			);
			path = MVPExampleTests;
			sourceTree = "<group>";
		};
		989CDE47093DEBCB41256975 /* Pods */ = {
			isa = PBXGroup;
			children = (
				017B04E528869484B889BEA0 /* Pods-MVPExample.debug.xcconfig */,
				483BE87B859B4705D99CA736 /* Pods-MVPExample.release.xcconfig */,
				2236AB9E3C7CDC00BC9A8B22 /* Pods-MVPExampleTests.debug.xcconfig */,
				2531513AC5120D03B894749A /* Pods-MVPExampleTests.release.xcconfig */,
			);
			path = Pods;
			sourceTree = "<group>";
		};
/* End PBXGroup section */

/* Begin PBXNativeTarget section */
		81D1D8B2240F859B0091D3A7 /* MVPExample */ = {
			isa = PBXNativeTarget;
			buildConfigurationList = 81D1D8C7240F859C0091D3A7 /* Build configuration list for PBXNativeTarget "MVPExample" */;
			buildPhases = (
				3A98FBDBDF71DFFAAF358DC3 /* [CP] Check Pods Manifest.lock */,
				81D1D8AF240F859B0091D3A7 /* Sources */,
				81D1D8B0240F859B0091D3A7 /* Frameworks */,
				81D1D8B1240F859B0091D3A7 /* Resources */,
				2E4F1D4BCB492956E8C30952 /* [CP] Embed Pods Frameworks */,
			);
			buildRules = (
			);
			dependencies = (
			);
			name = MVPExample;
			productName = MVPExample;
			productReference = 81D1D8B3240F859B0091D3A7 /* MVPExample.app */;
			productType = "com.apple.product-type.application";
		};
		81EDB6C324EBC22600D0CFF6 /* MVPExampleTests */ = {
			isa = PBXNativeTarget;
			buildConfigurationList = 81EDB6CD24EBC22600D0CFF6 /* Build configuration list for PBXNativeTarget "MVPExampleTests" */;
			buildPhases = (
				EC8964D0A0E3F4651CB0C3DA /* [CP] Check Pods Manifest.lock */,
				81EDB6C024EBC22600D0CFF6 /* Sources */,
				81EDB6C124EBC22600D0CFF6 /* Frameworks */,
				81EDB6C224EBC22600D0CFF6 /* Resources */,
			);
			buildRules = (
			);
			dependencies = (
				81EDB6CA24EBC22600D0CFF6 /* PBXTargetDependency */,
			);
			name = MVPExampleTests;
			productName = MVPExampleTests;
			productReference = 81EDB6C424EBC22600D0CFF6 /* MVPExampleTests.xctest */;
			productType = "com.apple.product-type.bundle.unit-test";
		};
/* End PBXNativeTarget section */

/* Begin PBXProject section */
		81D1D8AB240F859B0091D3A7 /* Project object */ = {
			isa = PBXProject;
			attributes = {
				LastSwiftUpdateCheck = 1160;
				LastUpgradeCheck = 1130;
				ORGANIZATIONNAME = "Indra Tirta Nugraha";
				TargetAttributes = {
					81D1D8B2240F859B0091D3A7 = {
						CreatedOnToolsVersion = 11.3.1;
					};
					81EDB6C324EBC22600D0CFF6 = {
						CreatedOnToolsVersion = 11.6;
						TestTargetID = 81D1D8B2240F859B0091D3A7;
					};
				};
			};
			buildConfigurationList = 81D1D8AE240F859B0091D3A7 /* Build configuration list for PBXProject "MVPExample" */;
			compatibilityVersion = "Xcode 9.3";
			developmentRegion = en;
			hasScannedForEncodings = 0;
			knownRegions = (
				en,
				Base,
			);
			mainGroup = 81D1D8AA240F859B0091D3A7;
			productRefGroup = 81D1D8B4240F859B0091D3A7 /* Products */;
			projectDirPath = "";
			projectRoot = "";
			targets = (
				81D1D8B2240F859B0091D3A7 /* MVPExample */,
				81EDB6C324EBC22600D0CFF6 /* MVPExampleTests */,
			);
		};
/* End PBXProject section */

/* Begin PBXResourcesBuildPhase section */
		81D1D8B1240F859B0091D3A7 /* Resources */ = {
			isa = PBXResourcesBuildPhase;
			buildActionMask = 2147483647;
			files = (
				81D1D8C3240F859C0091D3A7 /* LaunchScreen.storyboard in Resources */,
				816D4CD125170FA400244CE9 /* AddMovieVC.xib in Resources */,
				816D4CB62516EC6B00244CE9 /* HomeVC.xib in Resources */,
				814A5E592516E65B0080B274 /* GoogleService-Info.plist in Resources */,
				81D1D8C0240F859C0091D3A7 /* Assets.xcassets in Resources */,
			);
			runOnlyForDeploymentPostprocessing = 0;
		};
		81EDB6C224EBC22600D0CFF6 /* Resources */ = {
			isa = PBXResourcesBuildPhase;
			buildActionMask = 2147483647;
			files = (
			);
			runOnlyForDeploymentPostprocessing = 0;
		};
/* End PBXResourcesBuildPhase section */

/* Begin PBXShellScriptBuildPhase section */
		2E4F1D4BCB492956E8C30952 /* [CP] Embed Pods Frameworks */ = {
			isa = PBXShellScriptBuildPhase;
			buildActionMask = 2147483647;
			files = (
			);
			inputFileListPaths = (
				"${PODS_ROOT}/Target Support Files/Pods-MVPExample/Pods-MVPExample-frameworks-${CONFIGURATION}-input-files.xcfilelist",
			);
			name = "[CP] Embed Pods Frameworks";
			outputFileListPaths = (
				"${PODS_ROOT}/Target Support Files/Pods-MVPExample/Pods-MVPExample-frameworks-${CONFIGURATION}-output-files.xcfilelist",
			);
			runOnlyForDeploymentPostprocessing = 0;
			shellPath = /bin/sh;
			shellScript = "\"${PODS_ROOT}/Target Support Files/Pods-MVPExample/Pods-MVPExample-frameworks.sh\"\n";
			showEnvVarsInLog = 0;
		};
		3A98FBDBDF71DFFAAF358DC3 /* [CP] Check Pods Manifest.lock */ = {
			isa = PBXShellScriptBuildPhase;
			buildActionMask = 2147483647;
			files = (
			);
			inputFileListPaths = (
			);
			inputPaths = (
				"${PODS_PODFILE_DIR_PATH}/Podfile.lock",
				"${PODS_ROOT}/Manifest.lock",
			);
			name = "[CP] Check Pods Manifest.lock";
			outputFileListPaths = (
			);
			outputPaths = (
				"$(DERIVED_FILE_DIR)/Pods-MVPExample-checkManifestLockResult.txt",
			);
			runOnlyForDeploymentPostprocessing = 0;
			shellPath = /bin/sh;
			shellScript = "diff \"${PODS_PODFILE_DIR_PATH}/Podfile.lock\" \"${PODS_ROOT}/Manifest.lock\" > /dev/null\nif [ $? != 0 ] ; then\n    # print error to STDERR\n    echo \"error: The sandbox is not in sync with the Podfile.lock. Run 'pod install' or update your CocoaPods installation.\" >&2\n    exit 1\nfi\n# This output is used by Xcode 'outputs' to avoid re-running this script phase.\necho \"SUCCESS\" > \"${SCRIPT_OUTPUT_FILE_0}\"\n";
			showEnvVarsInLog = 0;
		};
		EC8964D0A0E3F4651CB0C3DA /* [CP] Check Pods Manifest.lock */ = {
			isa = PBXShellScriptBuildPhase;
			buildActionMask = 2147483647;
			files = (
			);
			inputFileListPaths = (
			);
			inputPaths = (
				"${PODS_PODFILE_DIR_PATH}/Podfile.lock",
				"${PODS_ROOT}/Manifest.lock",
			);
			name = "[CP] Check Pods Manifest.lock";
			outputFileListPaths = (
			);
			outputPaths = (
				"$(DERIVED_FILE_DIR)/Pods-MVPExampleTests-checkManifestLockResult.txt",
			);
			runOnlyForDeploymentPostprocessing = 0;
			shellPath = /bin/sh;
			shellScript = "diff \"${PODS_PODFILE_DIR_PATH}/Podfile.lock\" \"${PODS_ROOT}/Manifest.lock\" > /dev/null\nif [ $? != 0 ] ; then\n    # print error to STDERR\n    echo \"error: The sandbox is not in sync with the Podfile.lock. Run 'pod install' or update your CocoaPods installation.\" >&2\n    exit 1\nfi\n# This output is used by Xcode 'outputs' to avoid re-running this script phase.\necho \"SUCCESS\" > \"${SCRIPT_OUTPUT_FILE_0}\"\n";
			showEnvVarsInLog = 0;
		};
/* End PBXShellScriptBuildPhase section */

/* Begin PBXSourcesBuildPhase section */
		81D1D8AF240F859B0091D3A7 /* Sources */ = {
			isa = PBXSourcesBuildPhase;
			buildActionMask = 2147483647;
			files = (
				816D4CD32517107700244CE9 /* AddMovieProtocol.swift in Sources */,
				816D4CC22516F0B500244CE9 /* HomeProtocol.swift in Sources */,
				816D4CBF2516EFC800244CE9 /* HomePresenter.swift in Sources */,
				816D4CB52516EC6B00244CE9 /* HomeVC.swift in Sources */,
				816D4CD025170FA400244CE9 /* AddMovieVC.swift in Sources */,
				816D4CBD2516EF6400244CE9 /* HomeRouter.swift in Sources */,
				81D1D8B7240F859B0091D3A7 /* AppDelegate.swift in Sources */,
				816D4CC82516F9E800244CE9 /* Extensions.swift in Sources */,
				816D4CC52516F3D700244CE9 /* MovieService.swift in Sources */,
				816D4CD52517117D00244CE9 /* AddMoviePresenter.swift in Sources */,
				81D1D8B9240F859B0091D3A7 /* SceneDelegate.swift in Sources */,
				816D4CBA2516EEFF00244CE9 /* Movie.swift in Sources */,
				816D4CD72517121D00244CE9 /* AddMovieRouter.swift in Sources */,
			);
			runOnlyForDeploymentPostprocessing = 0;
		};
		81EDB6C024EBC22600D0CFF6 /* Sources */ = {
			isa = PBXSourcesBuildPhase;
			buildActionMask = 2147483647;
			files = (
				81EDB6C724EBC22600D0CFF6 /* MVPExampleTests.swift in Sources */,
			);
			runOnlyForDeploymentPostprocessing = 0;
		};
/* End PBXSourcesBuildPhase section */

/* Begin PBXTargetDependency section */
		81EDB6CA24EBC22600D0CFF6 /* PBXTargetDependency */ = {
			isa = PBXTargetDependency;
			target = 81D1D8B2240F859B0091D3A7 /* MVPExample */;
			targetProxy = 81EDB6C924EBC22600D0CFF6 /* PBXContainerItemProxy */;
		};
/* End PBXTargetDependency section */

/* Begin PBXVariantGroup section */
		81D1D8C1240F859C0091D3A7 /* LaunchScreen.storyboard */ = {
			isa = PBXVariantGroup;
			children = (
				81D1D8C2240F859C0091D3A7 /* Base */,
			);
			name = LaunchScreen.storyboard;
			sourceTree = "<group>";
		};
/* End PBXVariantGroup section */

/* Begin XCBuildConfiguration section */
		81D1D8C5240F859C0091D3A7 /* Debug */ = {
			isa = XCBuildConfiguration;
			buildSettings = {
				ALWAYS_SEARCH_USER_PATHS = NO;
				CLANG_ANALYZER_NONNULL = YES;
				CLANG_ANALYZER_NUMBER_OBJECT_CONVERSION = YES_AGGRESSIVE;
				CLANG_CXX_LANGUAGE_STANDARD = "gnu++14";
				CLANG_CXX_LIBRARY = "libc++";
				CLANG_ENABLE_MODULES = YES;
				CLANG_ENABLE_OBJC_ARC = YES;
				CLANG_ENABLE_OBJC_WEAK = YES;
				CLANG_WARN_BLOCK_CAPTURE_AUTORELEASING = YES;
				CLANG_WARN_BOOL_CONVERSION = YES;
				CLANG_WARN_COMMA = YES;
				CLANG_WARN_CONSTANT_CONVERSION = YES;
				CLANG_WARN_DEPRECATED_OBJC_IMPLEMENTATIONS = YES;
				CLANG_WARN_DIRECT_OBJC_ISA_USAGE = YES_ERROR;
				CLANG_WARN_DOCUMENTATION_COMMENTS = YES;
				CLANG_WARN_EMPTY_BODY = YES;
				CLANG_WARN_ENUM_CONVERSION = YES;
				CLANG_WARN_INFINITE_RECURSION = YES;
				CLANG_WARN_INT_CONVERSION = YES;
				CLANG_WARN_NON_LITERAL_NULL_CONVERSION = YES;
				CLANG_WARN_OBJC_IMPLICIT_RETAIN_SELF = YES;
				CLANG_WARN_OBJC_LITERAL_CONVERSION = YES;
				CLANG_WARN_OBJC_ROOT_CLASS = YES_ERROR;
				CLANG_WARN_RANGE_LOOP_ANALYSIS = YES;
				CLANG_WARN_STRICT_PROTOTYPES = YES;
				CLANG_WARN_SUSPICIOUS_MOVE = YES;
				CLANG_WARN_UNGUARDED_AVAILABILITY = YES_AGGRESSIVE;
				CLANG_WARN_UNREACHABLE_CODE = YES;
				CLANG_WARN__DUPLICATE_METHOD_MATCH = YES;
				COPY_PHASE_STRIP = NO;
				DEBUG_INFORMATION_FORMAT = dwarf;
				ENABLE_STRICT_OBJC_MSGSEND = YES;
				ENABLE_TESTABILITY = YES;
				GCC_C_LANGUAGE_STANDARD = gnu11;
				GCC_DYNAMIC_NO_PIC = NO;
				GCC_NO_COMMON_BLOCKS = YES;
				GCC_OPTIMIZATION_LEVEL = 0;
				GCC_PREPROCESSOR_DEFINITIONS = (
					"DEBUG=1",
					"$(inherited)",
				);
				GCC_WARN_64_TO_32_BIT_CONVERSION = YES;
				GCC_WARN_ABOUT_RETURN_TYPE = YES_ERROR;
				GCC_WARN_UNDECLARED_SELECTOR = YES;
				GCC_WARN_UNINITIALIZED_AUTOS = YES_AGGRESSIVE;
				GCC_WARN_UNUSED_FUNCTION = YES;
				GCC_WARN_UNUSED_VARIABLE = YES;
				IPHONEOS_DEPLOYMENT_TARGET = 13.2;
				MTL_ENABLE_DEBUG_INFO = INCLUDE_SOURCE;
				MTL_FAST_MATH = YES;
				ONLY_ACTIVE_ARCH = YES;
				SDKROOT = iphoneos;
				SWIFT_ACTIVE_COMPILATION_CONDITIONS = DEBUG;
				SWIFT_OPTIMIZATION_LEVEL = "-Onone";
			};
			name = Debug;
		};
		81D1D8C6240F859C0091D3A7 /* Release */ = {
			isa = XCBuildConfiguration;
			buildSettings = {
				ALWAYS_SEARCH_USER_PATHS = NO;
				CLANG_ANALYZER_NONNULL = YES;
				CLANG_ANALYZER_NUMBER_OBJECT_CONVERSION = YES_AGGRESSIVE;
				CLANG_CXX_LANGUAGE_STANDARD = "gnu++14";
				CLANG_CXX_LIBRARY = "libc++";
				CLANG_ENABLE_MODULES = YES;
				CLANG_ENABLE_OBJC_ARC = YES;
				CLANG_ENABLE_OBJC_WEAK = YES;
				CLANG_WARN_BLOCK_CAPTURE_AUTORELEASING = YES;
				CLANG_WARN_BOOL_CONVERSION = YES;
				CLANG_WARN_COMMA = YES;
				CLANG_WARN_CONSTANT_CONVERSION = YES;
				CLANG_WARN_DEPRECATED_OBJC_IMPLEMENTATIONS = YES;
				CLANG_WARN_DIRECT_OBJC_ISA_USAGE = YES_ERROR;
				CLANG_WARN_DOCUMENTATION_COMMENTS = YES;
				CLANG_WARN_EMPTY_BODY = YES;
				CLANG_WARN_ENUM_CONVERSION = YES;
				CLANG_WARN_INFINITE_RECURSION = YES;
				CLANG_WARN_INT_CONVERSION = YES;
				CLANG_WARN_NON_LITERAL_NULL_CONVERSION = YES;
				CLANG_WARN_OBJC_IMPLICIT_RETAIN_SELF = YES;
				CLANG_WARN_OBJC_LITERAL_CONVERSION = YES;
				CLANG_WARN_OBJC_ROOT_CLASS = YES_ERROR;
				CLANG_WARN_RANGE_LOOP_ANALYSIS = YES;
				CLANG_WARN_STRICT_PROTOTYPES = YES;
				CLANG_WARN_SUSPICIOUS_MOVE = YES;
				CLANG_WARN_UNGUARDED_AVAILABILITY = YES_AGGRESSIVE;
				CLANG_WARN_UNREACHABLE_CODE = YES;
				CLANG_WARN__DUPLICATE_METHOD_MATCH = YES;
				COPY_PHASE_STRIP = NO;
				DEBUG_INFORMATION_FORMAT = "dwarf-with-dsym";
				ENABLE_NS_ASSERTIONS = NO;
				ENABLE_STRICT_OBJC_MSGSEND = YES;
				GCC_C_LANGUAGE_STANDARD = gnu11;
				GCC_NO_COMMON_BLOCKS = YES;
				GCC_WARN_64_TO_32_BIT_CONVERSION = YES;
				GCC_WARN_ABOUT_RETURN_TYPE = YES_ERROR;
				GCC_WARN_UNDECLARED_SELECTOR = YES;
				GCC_WARN_UNINITIALIZED_AUTOS = YES_AGGRESSIVE;
				GCC_WARN_UNUSED_FUNCTION = YES;
				GCC_WARN_UNUSED_VARIABLE = YES;
				IPHONEOS_DEPLOYMENT_TARGET = 13.2;
				MTL_ENABLE_DEBUG_INFO = NO;
				MTL_FAST_MATH = YES;
				SDKROOT = iphoneos;
				SWIFT_COMPILATION_MODE = wholemodule;
				SWIFT_OPTIMIZATION_LEVEL = "-O";
				VALIDATE_PRODUCT = YES;
			};
			name = Release;
		};
		81D1D8C8240F859C0091D3A7 /* Debug */ = {
			isa = XCBuildConfiguration;
			baseConfigurationReference = 017B04E528869484B889BEA0 /* Pods-MVPExample.debug.xcconfig */;
			buildSettings = {
				ASSETCATALOG_COMPILER_APPICON_NAME = AppIcon;
				CODE_SIGN_STYLE = Automatic;
				DEVELOPMENT_TEAM = MFQXK558D5;
				INFOPLIST_FILE = MVPExample/Info.plist;
				LD_RUNPATH_SEARCH_PATHS = (
					"$(inherited)",
					"@executable_path/Frameworks",
				);
				PRODUCT_BUNDLE_IDENTIFIER = com.indratir.MVPExample;
				PRODUCT_NAME = "$(TARGET_NAME)";
				SWIFT_VERSION = 5.0;
				TARGETED_DEVICE_FAMILY = 1;
			};
			name = Debug;
		};
		81D1D8C9240F859C0091D3A7 /* Release */ = {
			isa = XCBuildConfiguration;
			baseConfigurationReference = 483BE87B859B4705D99CA736 /* Pods-MVPExample.release.xcconfig */;
			buildSettings = {
				ASSETCATALOG_COMPILER_APPICON_NAME = AppIcon;
				CODE_SIGN_STYLE = Automatic;
				DEVELOPMENT_TEAM = MFQXK558D5;
				INFOPLIST_FILE = MVPExample/Info.plist;
				LD_RUNPATH_SEARCH_PATHS = (
					"$(inherited)",
					"@executable_path/Frameworks",
				);
				PRODUCT_BUNDLE_IDENTIFIER = com.indratir.MVPExample;
				PRODUCT_NAME = "$(TARGET_NAME)";
				SWIFT_VERSION = 5.0;
				TARGETED_DEVICE_FAMILY = 1;
			};
			name = Release;
		};
		81EDB6CB24EBC22600D0CFF6 /* Debug */ = {
			isa = XCBuildConfiguration;
			baseConfigurationReference = 2236AB9E3C7CDC00BC9A8B22 /* Pods-MVPExampleTests.debug.xcconfig */;
			buildSettings = {
				BUNDLE_LOADER = "$(TEST_HOST)";
				CODE_SIGN_STYLE = Automatic;
				DEVELOPMENT_TEAM = MFQXK558D5;
				INFOPLIST_FILE = MVPExampleTests/Info.plist;
				IPHONEOS_DEPLOYMENT_TARGET = 13.6;
				LD_RUNPATH_SEARCH_PATHS = (
					"$(inherited)",
					"@executable_path/Frameworks",
					"@loader_path/Frameworks",
				);
				PRODUCT_BUNDLE_IDENTIFIER = com.indratir.MVPExampleTests;
				PRODUCT_NAME = "$(TARGET_NAME)";
				SWIFT_VERSION = 5.0;
				TARGETED_DEVICE_FAMILY = "1,2";
				TEST_HOST = "$(BUILT_PRODUCTS_DIR)/MVPExample.app/MVPExample";
			};
			name = Debug;
		};
		81EDB6CC24EBC22600D0CFF6 /* Release */ = {
			isa = XCBuildConfiguration;
			baseConfigurationReference = 2531513AC5120D03B894749A /* Pods-MVPExampleTests.release.xcconfig */;
			buildSettings = {
				BUNDLE_LOADER = "$(TEST_HOST)";
				CODE_SIGN_STYLE = Automatic;
				DEVELOPMENT_TEAM = MFQXK558D5;
				INFOPLIST_FILE = MVPExampleTests/Info.plist;
				IPHONEOS_DEPLOYMENT_TARGET = 13.6;
				LD_RUNPATH_SEARCH_PATHS = (
					"$(inherited)",
					"@executable_path/Frameworks",
					"@loader_path/Frameworks",
				);
				PRODUCT_BUNDLE_IDENTIFIER = com.indratir.MVPExampleTests;
				PRODUCT_NAME = "$(TARGET_NAME)";
				SWIFT_VERSION = 5.0;
				TARGETED_DEVICE_FAMILY = "1,2";
				TEST_HOST = "$(BUILT_PRODUCTS_DIR)/MVPExample.app/MVPExample";
			};
			name = Release;
		};
/* End XCBuildConfiguration section */

/* Begin XCConfigurationList section */
		81D1D8AE240F859B0091D3A7 /* Build configuration list for PBXProject "MVPExample" */ = {
			isa = XCConfigurationList;
			buildConfigurations = (
				81D1D8C5240F859C0091D3A7 /* Debug */,
				81D1D8C6240F859C0091D3A7 /* Release */,
			);
			defaultConfigurationIsVisible = 0;
			defaultConfigurationName = Release;
		};
		81D1D8C7240F859C0091D3A7 /* Build configuration list for PBXNativeTarget "MVPExample" */ = {
			isa = XCConfigurationList;
			buildConfigurations = (
				81D1D8C8240F859C0091D3A7 /* Debug */,
				81D1D8C9240F859C0091D3A7 /* Release */,
			);
			defaultConfigurationIsVisible = 0;
			defaultConfigurationName = Release;
		};
		81EDB6CD24EBC22600D0CFF6 /* Build configuration list for PBXNativeTarget "MVPExampleTests" */ = {
			isa = XCConfigurationList;
			buildConfigurations = (
				81EDB6CB24EBC22600D0CFF6 /* Debug */,
				81EDB6CC24EBC22600D0CFF6 /* Release */,
			);
			defaultConfigurationIsVisible = 0;
			defaultConfigurationName = Release;
		};
/* End XCConfigurationList section */
	};
	rootObject = 81D1D8AB240F859B0091D3A7 /* Project object */;
}
